// !$*UTF8*$!
{
	archiveVersion = 1;
	classes = {
	};
	objectVersion = 50;
	objects = {

/* Begin PBXBuildFile section */
		17057293272466150001AEBC /* TextSurface.cpp in Sources */ = {isa = PBXBuildFile; fileRef = 17057292272466150001AEBC /* TextSurface.cpp */; };
		170572962724663A0001AEBC /* Cursor.cpp in Sources */ = {isa = PBXBuildFile; fileRef = 170572952724663A0001AEBC /* Cursor.cpp */; };
		1734118626BAB77300444E40 /* Image.cpp in Sources */ = {isa = PBXBuildFile; fileRef = 1734118426BAB77300444E40 /* Image.cpp */; };
		173504D726B859FF00359EF5 /* CustomFonts.cpp in Sources */ = {isa = PBXBuildFile; fileRef = 173504D626B859FF00359EF5 /* CustomFonts.cpp */; };
		1746B21926AF1E630011EFC3 /* libSDL2_image-2.0.0.dylib in Frameworks */ = {isa = PBXBuildFile; fileRef = 1746B21826AF1E630011EFC3 /* libSDL2_image-2.0.0.dylib */; };
		1746B21A26AF1E630011EFC3 /* libSDL2_image-2.0.0.dylib in Embed Libraries */ = {isa = PBXBuildFile; fileRef = 1746B21826AF1E630011EFC3 /* libSDL2_image-2.0.0.dylib */; settings = {ATTRIBUTES = (CodeSignOnCopy, ); }; };
		1748FBBC2721AB650087D5EC /* Object.cpp in Sources */ = {isa = PBXBuildFile; fileRef = 179819CF2687CA4500CCBC43 /* Object.cpp */; };
		1748FBC12721AED00087D5EC /* DrawableObject.cpp in Sources */ = {isa = PBXBuildFile; fileRef = 17BE74A926AC5B87009A3D8C /* DrawableObject.cpp */; };
		174F1F0A268252AE009B8159 /* libSDL2-2.0.0.dylib in Frameworks */ = {isa = PBXBuildFile; fileRef = 174F1F09268252AE009B8159 /* libSDL2-2.0.0.dylib */; };
		174F1F0B268252AE009B8159 /* libSDL2-2.0.0.dylib in Embed Libraries */ = {isa = PBXBuildFile; fileRef = 174F1F09268252AE009B8159 /* libSDL2-2.0.0.dylib */; settings = {ATTRIBUTES = (CodeSignOnCopy, ); }; };
		174F1F132682533B009B8159 /* Window.cpp in Sources */ = {isa = PBXBuildFile; fileRef = 174F1F112682533B009B8159 /* Window.cpp */; };
		174F1F1826825427009B8159 /* Core.cpp in Sources */ = {isa = PBXBuildFile; fileRef = 174F1F1626825427009B8159 /* Core.cpp */; };
		17550B4E26C0082600A697E6 /* Button.cpp in Sources */ = {isa = PBXBuildFile; fileRef = 17550B4C26C0082600A697E6 /* Button.cpp */; };
		17734DA626BDD31E00212851 /* InteractiveObject.cpp in Sources */ = {isa = PBXBuildFile; fileRef = 17734DA526BDD31E00212851 /* InteractiveObject.cpp */; };
		177C47F72711C1DF00A0B99D /* Text.cpp in Sources */ = {isa = PBXBuildFile; fileRef = 17D997B826B3186E00219F36 /* Text.cpp */; };
		1781821126C41BCB00F986B6 /* List.cpp in Sources */ = {isa = PBXBuildFile; fileRef = 1781820F26C41BCB00F986B6 /* List.cpp */; };
		17A43EC5271C54320063E2F3 /* UTF8CharList.cpp in Sources */ = {isa = PBXBuildFile; fileRef = 17A43EBB271C54310063E2F3 /* UTF8CharList.cpp */; };
		17A43EC6271C54320063E2F3 /* UTF8Char.cpp in Sources */ = {isa = PBXBuildFile; fileRef = 17A43EBC271C54310063E2F3 /* UTF8Char.cpp */; };
		17AC1704272FECE1002BA291 /* Font.cpp in Sources */ = {isa = PBXBuildFile; fileRef = 17D997C526B3282A00219F36 /* Font.cpp */; };
		17AC170F27307D0F002BA291 /* playground.cpp in Sources */ = {isa = PBXBuildFile; fileRef = 17C7970D26D8FFD800CF551B /* playground.cpp */; };
		17BE74A426AC0364009A3D8C /* Color.cpp in Sources */ = {isa = PBXBuildFile; fileRef = 17BE74A326AC0364009A3D8C /* Color.cpp */; };
		17C7970C26D8F85F00CF551B /* Paragraph.cpp in Sources */ = {isa = PBXBuildFile; fileRef = 17C7970A26D8F85F00CF551B /* Paragraph.cpp */; };
		17D997B526B2B6CF00219F36 /* Stack.cpp in Sources */ = {isa = PBXBuildFile; fileRef = 17D997B326B2B6CF00219F36 /* Stack.cpp */; };
		17D997BD26B31A0B00219F36 /* libSDL2_ttf-2.0.0.dylib in Frameworks */ = {isa = PBXBuildFile; fileRef = 17D997BC26B31A0B00219F36 /* libSDL2_ttf-2.0.0.dylib */; };
		17D997BE26B31A0B00219F36 /* libSDL2_ttf-2.0.0.dylib in Embed Libraries */ = {isa = PBXBuildFile; fileRef = 17D997BC26B31A0B00219F36 /* libSDL2_ttf-2.0.0.dylib */; settings = {ATTRIBUTES = (CodeSignOnCopy, ); }; };
		17DE7ED02708AF7B007667BA /* SDL2_rotozoom.cpp in Sources */ = {isa = PBXBuildFile; fileRef = 17DE7ECE2708AF7B007667BA /* SDL2_rotozoom.cpp */; };
		17DE7ED12708AF7B007667BA /* SDL2_gfxPrimitives.cpp in Sources */ = {isa = PBXBuildFile; fileRef = 17DE7ECF2708AF7B007667BA /* SDL2_gfxPrimitives.cpp */; };
		17FC391827130EC500E47CAF /* Semaphore.cpp in Sources */ = {isa = PBXBuildFile; fileRef = 17FC391727130EC500E47CAF /* Semaphore.cpp */; };
		17FC39222713999800E47CAF /* TextField.cpp in Sources */ = {isa = PBXBuildFile; fileRef = 17FC39202713999800E47CAF /* TextField.cpp */; };
/* End PBXBuildFile section */

/* Begin PBXContainerItemProxy section */
		17A43EC2271C54320063E2F3 /* PBXContainerItemProxy */ = {
			isa = PBXContainerItemProxy;
			containerPortal = 17A43EBE271C54310063E2F3 /* lanUTF.xcodeproj */;
			proxyType = 2;
			remoteGlobalIDString = 17421A192718DAF900ADAD18;
			remoteInfo = lanUTF;
		};
/* End PBXContainerItemProxy section */

/* Begin PBXCopyFilesBuildPhase section */
		174F1F0C268252AE009B8159 /* Embed Libraries */ = {
			isa = PBXCopyFilesBuildPhase;
			buildActionMask = 2147483647;
			dstPath = "";
			dstSubfolderSpec = 10;
			files = (
				17D997BE26B31A0B00219F36 /* libSDL2_ttf-2.0.0.dylib in Embed Libraries */,
				1746B21A26AF1E630011EFC3 /* libSDL2_image-2.0.0.dylib in Embed Libraries */,
				174F1F0B268252AE009B8159 /* libSDL2-2.0.0.dylib in Embed Libraries */,
			);
			name = "Embed Libraries";
			runOnlyForDeploymentPostprocessing = 0;
		};
		1792B908260328B200836D7A /* CopyFiles */ = {
			isa = PBXCopyFilesBuildPhase;
			buildActionMask = 2147483647;
			dstPath = /usr/share/man/man1/;
			dstSubfolderSpec = 0;
			files = (
			);
			runOnlyForDeploymentPostprocessing = 1;
		};
/* End PBXCopyFilesBuildPhase section */

/* Begin PBXFileReference section */
		17057292272466150001AEBC /* TextSurface.cpp */ = {isa = PBXFileReference; lastKnownFileType = sourcecode.cpp.cpp; path = TextSurface.cpp; sourceTree = "<group>"; };
		170572952724663A0001AEBC /* Cursor.cpp */ = {isa = PBXFileReference; lastKnownFileType = sourcecode.cpp.cpp; path = Cursor.cpp; sourceTree = "<group>"; };
		17241E2126B6EDF8009912C9 /* Container.hpp */ = {isa = PBXFileReference; lastKnownFileType = sourcecode.cpp.h; path = Container.hpp; sourceTree = "<group>"; };
		17319C5B2717867100FD1EEC /* libicuio.dylib */ = {isa = PBXFileReference; lastKnownFileType = "compiled.mach-o.dylib"; name = libicuio.dylib; path = ../../../../../opt/local/lib/libicuio.dylib; sourceTree = "<group>"; };
		17319C5E2717868800FD1EEC /* libicuio.67.1.dylib */ = {isa = PBXFileReference; lastKnownFileType = "compiled.mach-o.dylib"; name = libicuio.67.1.dylib; path = ../../../../../opt/local/lib/libicuio.67.1.dylib; sourceTree = "<group>"; };
		17319C612717869400FD1EEC /* libicudata.dylib */ = {isa = PBXFileReference; lastKnownFileType = "compiled.mach-o.dylib"; name = libicudata.dylib; path = ../../../../../opt/local/lib/libicudata.dylib; sourceTree = "<group>"; };
		17319C66271788F400FD1EEC /* libicuuc.dylib */ = {isa = PBXFileReference; lastKnownFileType = "compiled.mach-o.dylib"; name = libicuuc.dylib; path = ../../../../../opt/local/lib/libicuuc.dylib; sourceTree = "<group>"; };
		1734118426BAB77300444E40 /* Image.cpp */ = {isa = PBXFileReference; lastKnownFileType = sourcecode.cpp.cpp; path = Image.cpp; sourceTree = "<group>"; };
		1734118526BAB77300444E40 /* Image.hpp */ = {isa = PBXFileReference; lastKnownFileType = sourcecode.cpp.h; path = Image.hpp; sourceTree = "<group>"; };
		173504D426B843E600359EF5 /* CustomFonts.hpp */ = {isa = PBXFileReference; lastKnownFileType = sourcecode.cpp.h; path = CustomFonts.hpp; sourceTree = "<group>"; };
		173504D526B843FA00359EF5 /* CustomTextStyles.hpp */ = {isa = PBXFileReference; lastKnownFileType = sourcecode.cpp.h; path = CustomTextStyles.hpp; sourceTree = "<group>"; };
		173504D626B859FF00359EF5 /* CustomFonts.cpp */ = {isa = PBXFileReference; lastKnownFileType = sourcecode.cpp.cpp; path = CustomFonts.cpp; sourceTree = "<group>"; };
		173504D926B89A9400359EF5 /* Spacer.hpp */ = {isa = PBXFileReference; lastKnownFileType = sourcecode.cpp.h; path = Spacer.hpp; sourceTree = "<group>"; };
		174290F226EA76E300870D04 /* gallery.cpp */ = {isa = PBXFileReference; lastKnownFileType = sourcecode.cpp.cpp; path = gallery.cpp; sourceTree = "<group>"; };
		1746B21826AF1E630011EFC3 /* libSDL2_image-2.0.0.dylib */ = {isa = PBXFileReference; lastKnownFileType = "compiled.mach-o.dylib"; name = "libSDL2_image-2.0.0.dylib"; path = "../../../../../opt/local/lib/libSDL2_image-2.0.0.dylib"; sourceTree = "<group>"; };
		174F1F09268252AE009B8159 /* libSDL2-2.0.0.dylib */ = {isa = PBXFileReference; lastKnownFileType = "compiled.mach-o.dylib"; name = "libSDL2-2.0.0.dylib"; path = "../../../../../usr/local/Cellar/sdl2/2.0.14_1/lib/libSDL2-2.0.0.dylib"; sourceTree = "<group>"; };
		174F1F0E268252F9009B8159 /* View.hpp */ = {isa = PBXFileReference; lastKnownFileType = sourcecode.cpp.h; path = View.hpp; sourceTree = "<group>"; };
		174F1F112682533B009B8159 /* Window.cpp */ = {isa = PBXFileReference; lastKnownFileType = sourcecode.cpp.cpp; path = Window.cpp; sourceTree = "<group>"; };
		174F1F122682533B009B8159 /* Window.hpp */ = {isa = PBXFileReference; lastKnownFileType = sourcecode.cpp.h; path = Window.hpp; sourceTree = "<group>"; };
		174F1F1426825399009B8159 /* Semaphore.hpp */ = {isa = PBXFileReference; lastKnownFileType = sourcecode.cpp.h; path = Semaphore.hpp; sourceTree = "<group>"; };
		174F1F1626825427009B8159 /* Core.cpp */ = {isa = PBXFileReference; lastKnownFileType = sourcecode.cpp.cpp; path = Core.cpp; sourceTree = "<group>"; };
		174F1F1726825427009B8159 /* Core.hpp */ = {isa = PBXFileReference; lastKnownFileType = sourcecode.cpp.h; path = Core.hpp; sourceTree = "<group>"; };
		17550B4C26C0082600A697E6 /* Button.cpp */ = {isa = PBXFileReference; lastKnownFileType = sourcecode.cpp.cpp; path = Button.cpp; sourceTree = "<group>"; };
		17550B4D26C0082600A697E6 /* Button.hpp */ = {isa = PBXFileReference; lastKnownFileType = sourcecode.cpp.h; path = Button.hpp; sourceTree = "<group>"; };
		17734DA526BDD31E00212851 /* InteractiveObject.cpp */ = {isa = PBXFileReference; lastKnownFileType = sourcecode.cpp.cpp; path = InteractiveObject.cpp; sourceTree = "<group>"; };
		1781820F26C41BCB00F986B6 /* List.cpp */ = {isa = PBXFileReference; lastKnownFileType = sourcecode.cpp.cpp; path = List.cpp; sourceTree = "<group>"; };
		1781821026C41BCB00F986B6 /* List.hpp */ = {isa = PBXFileReference; lastKnownFileType = sourcecode.cpp.h; path = List.hpp; sourceTree = "<group>"; };
		1781821226C4330D00F986B6 /* click_gradient.cpp */ = {isa = PBXFileReference; lastKnownFileType = sourcecode.cpp.cpp; path = click_gradient.cpp; sourceTree = "<group>"; };
		1792B90A260328B200836D7A /* lanUI */ = {isa = PBXFileReference; explicitFileType = "compiled.mach-o.executable"; includeInIndex = 0; path = lanUI; sourceTree = BUILT_PRODUCTS_DIR; };
		1792B90D260328B200836D7A /* main.cpp */ = {isa = PBXFileReference; lastKnownFileType = sourcecode.cpp.cpp; path = main.cpp; sourceTree = "<group>"; };
		1793867926BE9964004B452C /* Project.hpp */ = {isa = PBXFileReference; lastKnownFileType = sourcecode.cpp.h; path = Project.hpp; sourceTree = "<group>"; };
		179819CE2687B71A00CCBC43 /* Color.hpp */ = {isa = PBXFileReference; lastKnownFileType = sourcecode.cpp.h; path = Color.hpp; sourceTree = "<group>"; };
		179819CF2687CA4500CCBC43 /* Object.cpp */ = {isa = PBXFileReference; lastKnownFileType = sourcecode.cpp.cpp; path = Object.cpp; sourceTree = "<group>"; };
		179819D02687CA4500CCBC43 /* Object.hpp */ = {isa = PBXFileReference; lastKnownFileType = sourcecode.cpp.h; path = Object.hpp; sourceTree = "<group>"; };
		17A43EB9271C54310063E2F3 /* UTF8CharList.hpp */ = {isa = PBXFileReference; fileEncoding = 4; lastKnownFileType = sourcecode.cpp.h; path = UTF8CharList.hpp; sourceTree = "<group>"; };
		17A43EBB271C54310063E2F3 /* UTF8CharList.cpp */ = {isa = PBXFileReference; fileEncoding = 4; lastKnownFileType = sourcecode.cpp.cpp; path = UTF8CharList.cpp; sourceTree = "<group>"; };
		17A43EBC271C54310063E2F3 /* UTF8Char.cpp */ = {isa = PBXFileReference; fileEncoding = 4; lastKnownFileType = sourcecode.cpp.cpp; path = UTF8Char.cpp; sourceTree = "<group>"; };
		17A43EBD271C54310063E2F3 /* README.md */ = {isa = PBXFileReference; fileEncoding = 4; lastKnownFileType = net.daringfireball.markdown; path = README.md; sourceTree = "<group>"; };
		17A43EBE271C54310063E2F3 /* lanUTF.xcodeproj */ = {isa = PBXFileReference; lastKnownFileType = "wrapper.pb-project"; path = lanUTF.xcodeproj; sourceTree = "<group>"; };
		17BB16D926FDFECC00C14BA6 /* aves.cpp */ = {isa = PBXFileReference; lastKnownFileType = sourcecode.cpp.cpp; path = aves.cpp; sourceTree = "<group>"; };
		17BE74A326AC0364009A3D8C /* Color.cpp */ = {isa = PBXFileReference; lastKnownFileType = sourcecode.cpp.cpp; path = Color.cpp; sourceTree = "<group>"; };
		17BE74A826AC052C009A3D8C /* lanUI.hpp */ = {isa = PBXFileReference; lastKnownFileType = sourcecode.cpp.h; path = lanUI.hpp; sourceTree = "<group>"; };
		17BE74A926AC5B87009A3D8C /* DrawableObject.cpp */ = {isa = PBXFileReference; lastKnownFileType = sourcecode.cpp.cpp; path = DrawableObject.cpp; sourceTree = "<group>"; };
		17C7970A26D8F85F00CF551B /* Paragraph.cpp */ = {isa = PBXFileReference; lastKnownFileType = sourcecode.cpp.cpp; path = Paragraph.cpp; sourceTree = "<group>"; };
		17C7970B26D8F85F00CF551B /* Paragraph.hpp */ = {isa = PBXFileReference; lastKnownFileType = sourcecode.cpp.h; path = Paragraph.hpp; sourceTree = "<group>"; };
		17C7970D26D8FFD800CF551B /* playground.cpp */ = {isa = PBXFileReference; lastKnownFileType = sourcecode.cpp.cpp; path = playground.cpp; sourceTree = "<group>"; };
		17D997AF26B2AAB000219F36 /* hello_rock.cpp */ = {isa = PBXFileReference; lastKnownFileType = sourcecode.cpp.cpp; path = hello_rock.cpp; sourceTree = "<group>"; };
		17D997B326B2B6CF00219F36 /* Stack.cpp */ = {isa = PBXFileReference; lastKnownFileType = sourcecode.cpp.cpp; path = Stack.cpp; sourceTree = "<group>"; };
		17D997B426B2B6CF00219F36 /* Stack.hpp */ = {isa = PBXFileReference; lastKnownFileType = sourcecode.cpp.h; path = Stack.hpp; sourceTree = "<group>"; };
		17D997B826B3186E00219F36 /* Text.cpp */ = {isa = PBXFileReference; lastKnownFileType = sourcecode.cpp.cpp; path = Text.cpp; sourceTree = "<group>"; };
		17D997B926B3186E00219F36 /* Text.hpp */ = {isa = PBXFileReference; lastKnownFileType = sourcecode.cpp.h; path = Text.hpp; sourceTree = "<group>"; };
		17D997BC26B31A0B00219F36 /* libSDL2_ttf-2.0.0.dylib */ = {isa = PBXFileReference; lastKnownFileType = "compiled.mach-o.dylib"; name = "libSDL2_ttf-2.0.0.dylib"; path = "../../../../../opt/local/lib/libSDL2_ttf-2.0.0.dylib"; sourceTree = "<group>"; };
		17D997C526B3282A00219F36 /* Font.cpp */ = {isa = PBXFileReference; lastKnownFileType = sourcecode.cpp.cpp; path = Font.cpp; sourceTree = "<group>"; };
		17D997C626B3282A00219F36 /* Font.hpp */ = {isa = PBXFileReference; lastKnownFileType = sourcecode.cpp.h; path = Font.hpp; sourceTree = "<group>"; };
		17DAC97526BC902B005D70D2 /* demo.cpp */ = {isa = PBXFileReference; lastKnownFileType = sourcecode.cpp.cpp; path = demo.cpp; sourceTree = "<group>"; };
		17DE7ECE2708AF7B007667BA /* SDL2_rotozoom.cpp */ = {isa = PBXFileReference; fileEncoding = 4; lastKnownFileType = sourcecode.cpp.cpp; path = SDL2_rotozoom.cpp; sourceTree = "<group>"; };
		17DE7ECF2708AF7B007667BA /* SDL2_gfxPrimitives.cpp */ = {isa = PBXFileReference; fileEncoding = 4; lastKnownFileType = sourcecode.cpp.cpp; path = SDL2_gfxPrimitives.cpp; sourceTree = "<group>"; };
		17DE7ED22708AFF2007667BA /* SDL2_gfxPrimitives.hpp */ = {isa = PBXFileReference; fileEncoding = 4; lastKnownFileType = sourcecode.cpp.h; path = SDL2_gfxPrimitives.hpp; sourceTree = "<group>"; };
		17DE7ED32708AFF2007667BA /* SDL2_rotozoom.hpp */ = {isa = PBXFileReference; fileEncoding = 4; lastKnownFileType = sourcecode.cpp.h; path = SDL2_rotozoom.hpp; sourceTree = "<group>"; };
		17FC391427130C8B00E47CAF /* Settings.hpp */ = {isa = PBXFileReference; lastKnownFileType = sourcecode.cpp.h; path = Settings.hpp; sourceTree = "<group>"; };
		17FC391727130EC500E47CAF /* Semaphore.cpp */ = {isa = PBXFileReference; lastKnownFileType = sourcecode.cpp.cpp; path = Semaphore.cpp; sourceTree = "<group>"; };
		17FC39202713999800E47CAF /* TextField.cpp */ = {isa = PBXFileReference; lastKnownFileType = sourcecode.cpp.cpp; path = TextField.cpp; sourceTree = "<group>"; };
		17FC39212713999800E47CAF /* TextField.hpp */ = {isa = PBXFileReference; lastKnownFileType = sourcecode.cpp.h; path = TextField.hpp; sourceTree = "<group>"; };
/* End PBXFileReference section */

/* Begin PBXFrameworksBuildPhase section */
		1792B907260328B200836D7A /* Frameworks */ = {
			isa = PBXFrameworksBuildPhase;
			buildActionMask = 2147483647;
			files = (
				17D997BD26B31A0B00219F36 /* libSDL2_ttf-2.0.0.dylib in Frameworks */,
				1746B21926AF1E630011EFC3 /* libSDL2_image-2.0.0.dylib in Frameworks */,
				174F1F0A268252AE009B8159 /* libSDL2-2.0.0.dylib in Frameworks */,
			);
			runOnlyForDeploymentPostprocessing = 0;
		};
/* End PBXFrameworksBuildPhase section */

/* Begin PBXGroup section */
		17241E2326B6EDFD009912C9 /* Container */ = {
			isa = PBXGroup;
			children = (
				17241E2126B6EDF8009912C9 /* Container.hpp */,
			);
			path = Container;
			sourceTree = "<group>";
		};
		1734118326BAB73700444E40 /* Image */ = {
			isa = PBXGroup;
			children = (
				1734118426BAB77300444E40 /* Image.cpp */,
				1734118526BAB77300444E40 /* Image.hpp */,
			);
			path = Image;
			sourceTree = "<group>";
		};
		173504D326B8439500359EF5 /* Project */ = {
			isa = PBXGroup;
			children = (
				1793867926BE9964004B452C /* Project.hpp */,
				1793867A26BEB7A9004B452C /* CustomFonts */,
				1793867B26BEB7BA004B452C /* CustomTextStyles */,
			);
			path = Project;
			sourceTree = "<group>";
		};
		173504DB26B89A9900359EF5 /* Spacer */ = {
			isa = PBXGroup;
			children = (
				173504D926B89A9400359EF5 /* Spacer.hpp */,
			);
			path = Spacer;
			sourceTree = "<group>";
		};
		174F1F08268252AE009B8159 /* Frameworks */ = {
			isa = PBXGroup;
			children = (
				17319C66271788F400FD1EEC /* libicuuc.dylib */,
				17319C612717869400FD1EEC /* libicudata.dylib */,
				17319C5E2717868800FD1EEC /* libicuio.67.1.dylib */,
				17319C5B2717867100FD1EEC /* libicuio.dylib */,
				17D997BC26B31A0B00219F36 /* libSDL2_ttf-2.0.0.dylib */,
				1746B21826AF1E630011EFC3 /* libSDL2_image-2.0.0.dylib */,
				174F1F09268252AE009B8159 /* libSDL2-2.0.0.dylib */,
			);
			name = Frameworks;
			sourceTree = "<group>";
		};
		174F1F102682530B009B8159 /* Interface */ = {
			isa = PBXGroup;
			children = (
				17BE74A526AC03C5009A3D8C /* Color */,
				17BE74A626AC04D9009A3D8C /* Window */,
				178838DA26A61E39003B122A /* Object */,
				1734118326BAB73700444E40 /* Image */,
				17D997B226B2B6B100219F36 /* Stack */,
				1781820E26C41B5C00F986B6 /* List */,
				17BE74A726AC04FC009A3D8C /* View */,
				17D997C826B3283000219F36 /* Font */,
				17C7970926D8F73C00CF551B /* Paragraph */,
				17FC391F2713701000E47CAF /* TextField */,
				17D997BB26B3187D00219F36 /* Text */,
				17241E2326B6EDFD009912C9 /* Container */,
				173504DB26B89A9900359EF5 /* Spacer */,
				17550B4B26C0080900A697E6 /* Button */,
			);
			path = Interface;
			sourceTree = "<group>";
		};
		174F1F1526825410009B8159 /* Core */ = {
			isa = PBXGroup;
			children = (
				17DE7ECD2708AEC4007667BA /* Graphics */,
				174F1F1626825427009B8159 /* Core.cpp */,
				174F1F1726825427009B8159 /* Core.hpp */,
			);
			path = Core;
			sourceTree = "<group>";
		};
		17550B4B26C0080900A697E6 /* Button */ = {
			isa = PBXGroup;
			children = (
				17550B4C26C0082600A697E6 /* Button.cpp */,
				17550B4D26C0082600A697E6 /* Button.hpp */,
			);
			path = Button;
			sourceTree = "<group>";
		};
		1781820E26C41B5C00F986B6 /* List */ = {
			isa = PBXGroup;
			children = (
				1781820F26C41BCB00F986B6 /* List.cpp */,
				1781821026C41BCB00F986B6 /* List.hpp */,
			);
			path = List;
			sourceTree = "<group>";
		};
		178838DA26A61E39003B122A /* Object */ = {
			isa = PBXGroup;
			children = (
				17734DA526BDD31E00212851 /* InteractiveObject.cpp */,
				17BE74A926AC5B87009A3D8C /* DrawableObject.cpp */,
				179819CF2687CA4500CCBC43 /* Object.cpp */,
				179819D02687CA4500CCBC43 /* Object.hpp */,
			);
			path = Object;
			sourceTree = "<group>";
		};
		1792B901260328B200836D7A = {
			isa = PBXGroup;
			children = (
				1792B90C260328B200836D7A /* lanUI */,
				17D997AE26B2A84600219F36 /* Examples */,
				1792B90B260328B200836D7A /* Products */,
				174F1F08268252AE009B8159 /* Frameworks */,
			);
			sourceTree = "<group>";
		};
		1792B90B260328B200836D7A /* Products */ = {
			isa = PBXGroup;
			children = (
				1792B90A260328B200836D7A /* lanUI */,
			);
			name = Products;
			sourceTree = "<group>";
		};
		1792B90C260328B200836D7A /* lanUI */ = {
			isa = PBXGroup;
			children = (
				17FC391427130C8B00E47CAF /* Settings.hpp */,
				17A43EB7271C54310063E2F3 /* lanUTF */,
				17FC391627130EB000E47CAF /* Semaphore */,
				17BE74A826AC052C009A3D8C /* lanUI.hpp */,
				174F1F1526825410009B8159 /* Core */,
				174F1F102682530B009B8159 /* Interface */,
				173504D326B8439500359EF5 /* Project */,
				1792B90D260328B200836D7A /* main.cpp */,
				17C7970D26D8FFD800CF551B /* playground.cpp */,
			);
			path = lanUI;
			sourceTree = "<group>";
		};
		1793867A26BEB7A9004B452C /* CustomFonts */ = {
			isa = PBXGroup;
			children = (
				173504D426B843E600359EF5 /* CustomFonts.hpp */,
				173504D626B859FF00359EF5 /* CustomFonts.cpp */,
			);
			path = CustomFonts;
			sourceTree = "<group>";
		};
		1793867B26BEB7BA004B452C /* CustomTextStyles */ = {
			isa = PBXGroup;
			children = (
				173504D526B843FA00359EF5 /* CustomTextStyles.hpp */,
			);
			path = CustomTextStyles;
			sourceTree = "<group>";
		};
		17A43EB7271C54310063E2F3 /* lanUTF */ = {
			isa = PBXGroup;
			children = (
				17A43EB8271C54310063E2F3 /* lanUTF */,
				17A43EBD271C54310063E2F3 /* README.md */,
				17A43EBE271C54310063E2F3 /* lanUTF.xcodeproj */,
			);
			path = lanUTF;
			sourceTree = "<group>";
		};
		17A43EB8271C54310063E2F3 /* lanUTF */ = {
			isa = PBXGroup;
			children = (
				17A43EB9271C54310063E2F3 /* UTF8CharList.hpp */,
				17A43EBB271C54310063E2F3 /* UTF8CharList.cpp */,
				17A43EBC271C54310063E2F3 /* UTF8Char.cpp */,
			);
			path = lanUTF;
			sourceTree = "<group>";
		};
		17A43EBF271C54310063E2F3 /* Products */ = {
			isa = PBXGroup;
			children = (
				17A43EC3271C54320063E2F3 /* lanUTF */,
			);
			name = Products;
			sourceTree = "<group>";
		};
		17BE74A526AC03C5009A3D8C /* Color */ = {
			isa = PBXGroup;
			children = (
				179819CE2687B71A00CCBC43 /* Color.hpp */,
				17BE74A326AC0364009A3D8C /* Color.cpp */,
			);
			path = Color;
			sourceTree = "<group>";
		};
		17BE74A626AC04D9009A3D8C /* Window */ = {
			isa = PBXGroup;
			children = (
				174F1F112682533B009B8159 /* Window.cpp */,
				174F1F122682533B009B8159 /* Window.hpp */,
			);
			path = Window;
			sourceTree = "<group>";
		};
		17BE74A726AC04FC009A3D8C /* View */ = {
			isa = PBXGroup;
			children = (
				174F1F0E268252F9009B8159 /* View.hpp */,
			);
			path = View;
			sourceTree = "<group>";
		};
		17C7970926D8F73C00CF551B /* Paragraph */ = {
			isa = PBXGroup;
			children = (
				17C7970A26D8F85F00CF551B /* Paragraph.cpp */,
				17C7970B26D8F85F00CF551B /* Paragraph.hpp */,
			);
			path = Paragraph;
			sourceTree = "<group>";
		};
		17D997AE26B2A84600219F36 /* Examples */ = {
			isa = PBXGroup;
			children = (
				17D997AF26B2AAB000219F36 /* hello_rock.cpp */,
				1781821226C4330D00F986B6 /* click_gradient.cpp */,
				174290F226EA76E300870D04 /* gallery.cpp */,
				17DAC97526BC902B005D70D2 /* demo.cpp */,
				17BB16D926FDFECC00C14BA6 /* aves.cpp */,
			);
			path = Examples;
			sourceTree = "<group>";
		};
		17D997B226B2B6B100219F36 /* Stack */ = {
			isa = PBXGroup;
			children = (
				17D997B326B2B6CF00219F36 /* Stack.cpp */,
				17D997B426B2B6CF00219F36 /* Stack.hpp */,
			);
			path = Stack;
			sourceTree = "<group>";
		};
		17D997BB26B3187D00219F36 /* Text */ = {
			isa = PBXGroup;
			children = (
				17D997B826B3186E00219F36 /* Text.cpp */,
				17D997B926B3186E00219F36 /* Text.hpp */,
			);
			path = Text;
			sourceTree = "<group>";
		};
		17D997C826B3283000219F36 /* Font */ = {
			isa = PBXGroup;
			children = (
				17D997C526B3282A00219F36 /* Font.cpp */,
				17D997C626B3282A00219F36 /* Font.hpp */,
			);
			path = Font;
			sourceTree = "<group>";
		};
		17DE7ECD2708AEC4007667BA /* Graphics */ = {
			isa = PBXGroup;
			children = (
				17DE7ECF2708AF7B007667BA /* SDL2_gfxPrimitives.cpp */,
				17DE7ECE2708AF7B007667BA /* SDL2_rotozoom.cpp */,
				17DE7ED22708AFF2007667BA /* SDL2_gfxPrimitives.hpp */,
				17DE7ED32708AFF2007667BA /* SDL2_rotozoom.hpp */,
			);
			path = Graphics;
			sourceTree = "<group>";
		};
		17FC391627130EB000E47CAF /* Semaphore */ = {
			isa = PBXGroup;
			children = (
				174F1F1426825399009B8159 /* Semaphore.hpp */,
				17FC391727130EC500E47CAF /* Semaphore.cpp */,
			);
			path = Semaphore;
			sourceTree = "<group>";
		};
		17FC391F2713701000E47CAF /* TextField */ = {
			isa = PBXGroup;
			children = (
				170572952724663A0001AEBC /* Cursor.cpp */,
				17057292272466150001AEBC /* TextSurface.cpp */,
				17FC39202713999800E47CAF /* TextField.cpp */,
				17FC39212713999800E47CAF /* TextField.hpp */,
			);
			path = TextField;
			sourceTree = "<group>";
		};
/* End PBXGroup section */

/* Begin PBXNativeTarget section */
		1792B909260328B200836D7A /* lanUI */ = {
			isa = PBXNativeTarget;
			buildConfigurationList = 1792B911260328B200836D7A /* Build configuration list for PBXNativeTarget "lanUI" */;
			buildPhases = (
				1792B906260328B200836D7A /* Sources */,
				1792B907260328B200836D7A /* Frameworks */,
				1792B908260328B200836D7A /* CopyFiles */,
				174F1F0C268252AE009B8159 /* Embed Libraries */,
			);
			buildRules = (
			);
			dependencies = (
			);
			name = lanUI;
			productName = lanUI;
			productReference = 1792B90A260328B200836D7A /* lanUI */;
			productType = "com.apple.product-type.tool";
		};
/* End PBXNativeTarget section */

/* Begin PBXProject section */
		1792B902260328B200836D7A /* Project object */ = {
			isa = PBXProject;
			attributes = {
				LastUpgradeCheck = 1010;
				ORGANIZATIONNAME = "René Descartes Domingos Muala";
				TargetAttributes = {
					1792B909260328B200836D7A = {
						CreatedOnToolsVersion = 10.1;
					};
				};
			};
			buildConfigurationList = 1792B905260328B200836D7A /* Build configuration list for PBXProject "lanUI" */;
			compatibilityVersion = "Xcode 9.3";
			developmentRegion = en;
			hasScannedForEncodings = 0;
			knownRegions = (
				en,
				Base,
			);
			mainGroup = 1792B901260328B200836D7A;
			productRefGroup = 1792B90B260328B200836D7A /* Products */;
			projectDirPath = "";
			projectReferences = (
				{
					ProductGroup = 17A43EBF271C54310063E2F3 /* Products */;
					ProjectRef = 17A43EBE271C54310063E2F3 /* lanUTF.xcodeproj */;
				},
			);
			projectRoot = "";
			targets = (
				1792B909260328B200836D7A /* lanUI */,
			);
		};
/* End PBXProject section */

/* Begin PBXReferenceProxy section */
		17A43EC3271C54320063E2F3 /* lanUTF */ = {
			isa = PBXReferenceProxy;
			fileType = "compiled.mach-o.executable";
			path = lanUTF;
			remoteRef = 17A43EC2271C54320063E2F3 /* PBXContainerItemProxy */;
			sourceTree = BUILT_PRODUCTS_DIR;
		};
/* End PBXReferenceProxy section */

/* Begin PBXSourcesBuildPhase section */
		1792B906260328B200836D7A /* Sources */ = {
			isa = PBXSourcesBuildPhase;
			buildActionMask = 2147483647;
			files = (
				17AC1704272FECE1002BA291 /* Font.cpp in Sources */,
				17A43EC5271C54320063E2F3 /* UTF8CharList.cpp in Sources */,
				17FC39222713999800E47CAF /* TextField.cpp in Sources */,
				170572962724663A0001AEBC /* Cursor.cpp in Sources */,
				1748FBBC2721AB650087D5EC /* Object.cpp in Sources */,
				17D997B526B2B6CF00219F36 /* Stack.cpp in Sources */,
				1748FBC12721AED00087D5EC /* DrawableObject.cpp in Sources */,
				17BE74A426AC0364009A3D8C /* Color.cpp in Sources */,
				177C47F72711C1DF00A0B99D /* Text.cpp in Sources */,
				174F1F132682533B009B8159 /* Window.cpp in Sources */,
				17AC170F27307D0F002BA291 /* playground.cpp in Sources */,
				174F1F1826825427009B8159 /* Core.cpp in Sources */,
				173504D726B859FF00359EF5 /* CustomFonts.cpp in Sources */,
				17DE7ED12708AF7B007667BA /* SDL2_gfxPrimitives.cpp in Sources */,
				1781821126C41BCB00F986B6 /* List.cpp in Sources */,
				17FC391827130EC500E47CAF /* Semaphore.cpp in Sources */,
				17550B4E26C0082600A697E6 /* Button.cpp in Sources */,
				1734118626BAB77300444E40 /* Image.cpp in Sources */,
				17734DA626BDD31E00212851 /* InteractiveObject.cpp in Sources */,
				17C7970C26D8F85F00CF551B /* Paragraph.cpp in Sources */,
				17057293272466150001AEBC /* TextSurface.cpp in Sources */,
				17A43EC6271C54320063E2F3 /* UTF8Char.cpp in Sources */,
				17DE7ED02708AF7B007667BA /* SDL2_rotozoom.cpp in Sources */,
			);
			runOnlyForDeploymentPostprocessing = 0;
		};
/* End PBXSourcesBuildPhase section */

/* Begin XCBuildConfiguration section */
		1792B90F260328B200836D7A /* Debug */ = {
			isa = XCBuildConfiguration;
			buildSettings = {
				ALWAYS_SEARCH_USER_PATHS = NO;
				CLANG_ANALYZER_NONNULL = YES;
				CLANG_ANALYZER_NUMBER_OBJECT_CONVERSION = YES_AGGRESSIVE;
				CLANG_CXX_LANGUAGE_STANDARD = "gnu++14";
				CLANG_CXX_LIBRARY = "libc++";
				CLANG_ENABLE_MODULES = YES;
				CLANG_ENABLE_OBJC_ARC = YES;
				CLANG_ENABLE_OBJC_WEAK = YES;
				CLANG_WARN_BLOCK_CAPTURE_AUTORELEASING = YES;
				CLANG_WARN_BOOL_CONVERSION = YES;
				CLANG_WARN_COMMA = YES;
				CLANG_WARN_CONSTANT_CONVERSION = YES;
				CLANG_WARN_DEPRECATED_OBJC_IMPLEMENTATIONS = YES;
				CLANG_WARN_DIRECT_OBJC_ISA_USAGE = YES_ERROR;
				CLANG_WARN_DOCUMENTATION_COMMENTS = YES;
				CLANG_WARN_EMPTY_BODY = YES;
				CLANG_WARN_ENUM_CONVERSION = YES;
				CLANG_WARN_INFINITE_RECURSION = YES;
				CLANG_WARN_INT_CONVERSION = YES;
				CLANG_WARN_NON_LITERAL_NULL_CONVERSION = YES;
				CLANG_WARN_OBJC_IMPLICIT_RETAIN_SELF = YES;
				CLANG_WARN_OBJC_LITERAL_CONVERSION = YES;
				CLANG_WARN_OBJC_ROOT_CLASS = YES_ERROR;
				CLANG_WARN_RANGE_LOOP_ANALYSIS = YES;
				CLANG_WARN_STRICT_PROTOTYPES = YES;
				CLANG_WARN_SUSPICIOUS_MOVE = YES;
				CLANG_WARN_UNGUARDED_AVAILABILITY = YES_AGGRESSIVE;
				CLANG_WARN_UNREACHABLE_CODE = YES;
				CLANG_WARN__DUPLICATE_METHOD_MATCH = YES;
				CODE_SIGN_IDENTITY = "-";
				COPY_PHASE_STRIP = NO;
				DEBUG_INFORMATION_FORMAT = dwarf;
				ENABLE_STRICT_OBJC_MSGSEND = YES;
				ENABLE_TESTABILITY = YES;
				GCC_C_LANGUAGE_STANDARD = gnu11;
				GCC_DYNAMIC_NO_PIC = NO;
				GCC_NO_COMMON_BLOCKS = YES;
				GCC_OPTIMIZATION_LEVEL = 0;
				GCC_PREPROCESSOR_DEFINITIONS = (
					"DEBUG=1",
					"$(inherited)",
				);
				GCC_WARN_64_TO_32_BIT_CONVERSION = YES;
				GCC_WARN_ABOUT_RETURN_TYPE = YES_ERROR;
				GCC_WARN_UNDECLARED_SELECTOR = YES;
				GCC_WARN_UNINITIALIZED_AUTOS = YES_AGGRESSIVE;
				GCC_WARN_UNUSED_FUNCTION = YES;
				GCC_WARN_UNUSED_VARIABLE = YES;
				MACOSX_DEPLOYMENT_TARGET = 11.1;
				MTL_ENABLE_DEBUG_INFO = INCLUDE_SOURCE;
				MTL_FAST_MATH = YES;
				ONLY_ACTIVE_ARCH = YES;
				SDKROOT = macosx;
			};
			name = Debug;
		};
		1792B910260328B200836D7A /* Release */ = {
			isa = XCBuildConfiguration;
			buildSettings = {
				ALWAYS_SEARCH_USER_PATHS = NO;
				CLANG_ANALYZER_NONNULL = YES;
				CLANG_ANALYZER_NUMBER_OBJECT_CONVERSION = YES_AGGRESSIVE;
				CLANG_CXX_LANGUAGE_STANDARD = "gnu++14";
				CLANG_CXX_LIBRARY = "libc++";
				CLANG_ENABLE_MODULES = YES;
				CLANG_ENABLE_OBJC_ARC = YES;
				CLANG_ENABLE_OBJC_WEAK = YES;
				CLANG_WARN_BLOCK_CAPTURE_AUTORELEASING = YES;
				CLANG_WARN_BOOL_CONVERSION = YES;
				CLANG_WARN_COMMA = YES;
				CLANG_WARN_CONSTANT_CONVERSION = YES;
				CLANG_WARN_DEPRECATED_OBJC_IMPLEMENTATIONS = YES;
				CLANG_WARN_DIRECT_OBJC_ISA_USAGE = YES_ERROR;
				CLANG_WARN_DOCUMENTATION_COMMENTS = YES;
				CLANG_WARN_EMPTY_BODY = YES;
				CLANG_WARN_ENUM_CONVERSION = YES;
				CLANG_WARN_INFINITE_RECURSION = YES;
				CLANG_WARN_INT_CONVERSION = YES;
				CLANG_WARN_NON_LITERAL_NULL_CONVERSION = YES;
				CLANG_WARN_OBJC_IMPLICIT_RETAIN_SELF = YES;
				CLANG_WARN_OBJC_LITERAL_CONVERSION = YES;
				CLANG_WARN_OBJC_ROOT_CLASS = YES_ERROR;
				CLANG_WARN_RANGE_LOOP_ANALYSIS = YES;
				CLANG_WARN_STRICT_PROTOTYPES = YES;
				CLANG_WARN_SUSPICIOUS_MOVE = YES;
				CLANG_WARN_UNGUARDED_AVAILABILITY = YES_AGGRESSIVE;
				CLANG_WARN_UNREACHABLE_CODE = YES;
				CLANG_WARN__DUPLICATE_METHOD_MATCH = YES;
				CODE_SIGN_IDENTITY = "-";
				COPY_PHASE_STRIP = NO;
				DEBUG_INFORMATION_FORMAT = "dwarf-with-dsym";
				ENABLE_NS_ASSERTIONS = NO;
				ENABLE_STRICT_OBJC_MSGSEND = YES;
				GCC_C_LANGUAGE_STANDARD = gnu11;
				GCC_NO_COMMON_BLOCKS = YES;
				GCC_WARN_64_TO_32_BIT_CONVERSION = YES;
				GCC_WARN_ABOUT_RETURN_TYPE = YES_ERROR;
				GCC_WARN_UNDECLARED_SELECTOR = YES;
				GCC_WARN_UNINITIALIZED_AUTOS = YES_AGGRESSIVE;
				GCC_WARN_UNUSED_FUNCTION = YES;
				GCC_WARN_UNUSED_VARIABLE = YES;
				MACOSX_DEPLOYMENT_TARGET = 11.1;
				MTL_ENABLE_DEBUG_INFO = NO;
				MTL_FAST_MATH = YES;
				SDKROOT = macosx;
			};
			name = Release;
		};
		1792B912260328B200836D7A /* Debug */ = {
			isa = XCBuildConfiguration;
			buildSettings = {
				CODE_SIGN_STYLE = Automatic;
				HEADER_SEARCH_PATHS = (
					/usr/local/Cellar/sdl2/2.0.14_1/include,
					/opt/local/include/,
				);
				LIBRARY_SEARCH_PATHS = (
					/usr/local/Cellar/sdl2/2.0.14_1/lib,
					/opt/local/lib,
				);
				PRODUCT_NAME = "$(TARGET_NAME)";
			};
			name = Debug;
		};
		1792B913260328B200836D7A /* Release */ = {
			isa = XCBuildConfiguration;
			buildSettings = {
				CODE_SIGN_STYLE = Automatic;
				HEADER_SEARCH_PATHS = (
					/usr/local/Cellar/sdl2/2.0.14_1/include,
					/opt/local/include/,
				);
				LIBRARY_SEARCH_PATHS = (
					/usr/local/Cellar/sdl2/2.0.14_1/lib,
					/opt/local/lib,
				);
				PRODUCT_NAME = "$(TARGET_NAME)";
			};
			name = Release;
		};
/* End XCBuildConfiguration section */

/* Begin XCConfigurationList section */
		1792B905260328B200836D7A /* Build configuration list for PBXProject "lanUI" */ = {
			isa = XCConfigurationList;
			buildConfigurations = (
				1792B90F260328B200836D7A /* Debug */,
				1792B910260328B200836D7A /* Release */,
			);
			defaultConfigurationIsVisible = 0;
			defaultConfigurationName = Release;
		};
		1792B911260328B200836D7A /* Build configuration list for PBXNativeTarget "lanUI" */ = {
			isa = XCConfigurationList;
			buildConfigurations = (
				1792B912260328B200836D7A /* Debug */,
				1792B913260328B200836D7A /* Release */,
			);
			defaultConfigurationIsVisible = 0;
			defaultConfigurationName = Release;
		};
/* End XCConfigurationList section */
	};
	rootObject = 1792B902260328B200836D7A /* Project object */;
}
